
Microsoft Visual Studio Solution File, Format Version 12.00
# Visual Studio Version 17
VisualStudioVersion = 17.13.36105.23 d17.13
MinimumVisualStudioVersion = 10.0.40219.1
Project("{888888A0-9F3D-457C-B088-3A5042F75D52}") = "AsistenteAI", "AsistenteAI\AsistenteAI.pyproj", "{7996CEC5-026F-4D42-8405-88D6260C1536}"
EndProject
Global
	GlobalSection(SolutionConfigurationPlatforms) = preSolution
		Debug|Any CPU = Debug|Any CPU
		Release|Any CPU = Release|Any CPU
	EndGlobalSection
	GlobalSection(ProjectConfigurationPlatforms) = postSolution
		{7996CEC5-026F-4D42-8405-88D6260C1536}.Debug|Any CPU.ActiveCfg = Debug|Any CPU
		{7996CEC5-026F-4D42-8405-88D6260C1536}.Release|Any CPU.ActiveCfg = Release|Any CPU
	EndGlobalSection
	GlobalSection(SolutionProperties) = preSolution
		HideSolutionNode = FALSE
	EndGlobalSection
	GlobalSection(ExtensibilityGlobals) = postSolution
		SolutionGuid = {9BB056DD-A939-4833-B54F-0A0757C0B39D}
	EndGlobalSection
EndGlobal
